
Microsoft Visual Studio Solution File, Format Version 12.00
# Visual Studio Version 17
VisualStudioVersion = 17.8.34309.116
MinimumVisualStudioVersion = 10.0.40219.1
Project("{FAE04EC0-301F-11D3-BF4B-00C04F79EFBC}") = "TP Final - Lppa", "TP Final - Lppa\TP Final - Lppa.csproj", "{AA52622E-B8F9-4034-AF8B-D9B24BBC9159}"
EndProject
Project("{FAE04EC0-301F-11D3-BF4B-00C04F79EFBC}") = "BE", "BE\BE.csproj", "{6F062DA1-9C70-4DC8-B23C-FC62F2DD0D56}"
EndProject
Project("{FAE04EC0-301F-11D3-BF4B-00C04F79EFBC}") = "BLL", "BLL\BLL.csproj", "{4EED1567-8300-4562-AA7D-589AB5708800}"
EndProject
Project("{FAE04EC0-301F-11D3-BF4B-00C04F79EFBC}") = "DAL", "DAL\DAL.csproj", "{C1CCF285-3BCA-4841-9CCD-CC8C369614D1}"
EndProject
Project("{FAE04EC0-301F-11D3-BF4B-00C04F79EFBC}") = "MobileApp.UWP", "MobileApp\MobileApp.UWP\MobileApp.UWP.csproj", "{3C82B82B-CF52-4FDD-83A9-B73E07ECE073}"
	ProjectSection(ProjectDependencies) = postProject
		{AA52622E-B8F9-4034-AF8B-D9B24BBC9159} = {AA52622E-B8F9-4034-AF8B-D9B24BBC9159}
	EndProjectSection
EndProject
Project("{FAE04EC0-301F-11D3-BF4B-00C04F79EFBC}") = "MobileApp", "MobileApp\MobileApp\MobileApp.csproj", "{CA38BEFC-3E67-42CF-9B82-D73E091EA2A4}"
EndProject
Global
	GlobalSection(SolutionConfigurationPlatforms) = preSolution
		Debug|Any CPU = Debug|Any CPU
		Debug|ARM = Debug|ARM
		Debug|x64 = Debug|x64
		Debug|x86 = Debug|x86
		Release|Any CPU = Release|Any CPU
		Release|ARM = Release|ARM
		Release|x64 = Release|x64
		Release|x86 = Release|x86
	EndGlobalSection
	GlobalSection(ProjectConfigurationPlatforms) = postSolution
		{AA52622E-B8F9-4034-AF8B-D9B24BBC9159}.Debug|Any CPU.ActiveCfg = Debug|Any CPU
		{AA52622E-B8F9-4034-AF8B-D9B24BBC9159}.Debug|Any CPU.Build.0 = Debug|Any CPU
		{AA52622E-B8F9-4034-AF8B-D9B24BBC9159}.Debug|ARM.ActiveCfg = Debug|Any CPU
		{AA52622E-B8F9-4034-AF8B-D9B24BBC9159}.Debug|ARM.Build.0 = Debug|Any CPU
		{AA52622E-B8F9-4034-AF8B-D9B24BBC9159}.Debug|x64.ActiveCfg = Debug|Any CPU
		{AA52622E-B8F9-4034-AF8B-D9B24BBC9159}.Debug|x64.Build.0 = Debug|Any CPU
		{AA52622E-B8F9-4034-AF8B-D9B24BBC9159}.Debug|x86.ActiveCfg = Debug|Any CPU
		{AA52622E-B8F9-4034-AF8B-D9B24BBC9159}.Debug|x86.Build.0 = Debug|Any CPU
		{AA52622E-B8F9-4034-AF8B-D9B24BBC9159}.Release|Any CPU.ActiveCfg = Release|Any CPU
		{AA52622E-B8F9-4034-AF8B-D9B24BBC9159}.Release|Any CPU.Build.0 = Release|Any CPU
		{AA52622E-B8F9-4034-AF8B-D9B24BBC9159}.Release|ARM.ActiveCfg = Release|Any CPU
		{AA52622E-B8F9-4034-AF8B-D9B24BBC9159}.Release|ARM.Build.0 = Release|Any CPU
		{AA52622E-B8F9-4034-AF8B-D9B24BBC9159}.Release|x64.ActiveCfg = Release|Any CPU
		{AA52622E-B8F9-4034-AF8B-D9B24BBC9159}.Release|x64.Build.0 = Release|Any CPU
		{AA52622E-B8F9-4034-AF8B-D9B24BBC9159}.Release|x86.ActiveCfg = Release|Any CPU
		{AA52622E-B8F9-4034-AF8B-D9B24BBC9159}.Release|x86.Build.0 = Release|Any CPU
		{6F062DA1-9C70-4DC8-B23C-FC62F2DD0D56}.Debug|Any CPU.ActiveCfg = Debug|Any CPU
		{6F062DA1-9C70-4DC8-B23C-FC62F2DD0D56}.Debug|Any CPU.Build.0 = Debug|Any CPU
		{6F062DA1-9C70-4DC8-B23C-FC62F2DD0D56}.Debug|ARM.ActiveCfg = Debug|Any CPU
		{6F062DA1-9C70-4DC8-B23C-FC62F2DD0D56}.Debug|ARM.Build.0 = Debug|Any CPU
		{6F062DA1-9C70-4DC8-B23C-FC62F2DD0D56}.Debug|x64.ActiveCfg = Debug|Any CPU
		{6F062DA1-9C70-4DC8-B23C-FC62F2DD0D56}.Debug|x64.Build.0 = Debug|Any CPU
		{6F062DA1-9C70-4DC8-B23C-FC62F2DD0D56}.Debug|x86.ActiveCfg = Debug|Any CPU
		{6F062DA1-9C70-4DC8-B23C-FC62F2DD0D56}.Debug|x86.Build.0 = Debug|Any CPU
		{6F062DA1-9C70-4DC8-B23C-FC62F2DD0D56}.Release|Any CPU.ActiveCfg = Release|Any CPU
		{6F062DA1-9C70-4DC8-B23C-FC62F2DD0D56}.Release|Any CPU.Build.0 = Release|Any CPU
		{6F062DA1-9C70-4DC8-B23C-FC62F2DD0D56}.Release|ARM.ActiveCfg = Release|Any CPU
		{6F062DA1-9C70-4DC8-B23C-FC62F2DD0D56}.Release|ARM.Build.0 = Release|Any CPU
		{6F062DA1-9C70-4DC8-B23C-FC62F2DD0D56}.Release|x64.ActiveCfg = Release|Any CPU
		{6F062DA1-9C70-4DC8-B23C-FC62F2DD0D56}.Release|x64.Build.0 = Release|Any CPU
		{6F062DA1-9C70-4DC8-B23C-FC62F2DD0D56}.Release|x86.ActiveCfg = Release|Any CPU
		{6F062DA1-9C70-4DC8-B23C-FC62F2DD0D56}.Release|x86.Build.0 = Release|Any CPU
		{4EED1567-8300-4562-AA7D-589AB5708800}.Debug|Any CPU.ActiveCfg = Debug|Any CPU
		{4EED1567-8300-4562-AA7D-589AB5708800}.Debug|Any CPU.Build.0 = Debug|Any CPU
		{4EED1567-8300-4562-AA7D-589AB5708800}.Debug|ARM.ActiveCfg = Debug|Any CPU
		{4EED1567-8300-4562-AA7D-589AB5708800}.Debug|ARM.Build.0 = Debug|Any CPU
		{4EED1567-8300-4562-AA7D-589AB5708800}.Debug|x64.ActiveCfg = Debug|Any CPU
		{4EED1567-8300-4562-AA7D-589AB5708800}.Debug|x64.Build.0 = Debug|Any CPU
		{4EED1567-8300-4562-AA7D-589AB5708800}.Debug|x86.ActiveCfg = Debug|Any CPU
		{4EED1567-8300-4562-AA7D-589AB5708800}.Debug|x86.Build.0 = Debug|Any CPU
		{4EED1567-8300-4562-AA7D-589AB5708800}.Release|Any CPU.ActiveCfg = Release|Any CPU
		{4EED1567-8300-4562-AA7D-589AB5708800}.Release|Any CPU.Build.0 = Release|Any CPU
		{4EED1567-8300-4562-AA7D-589AB5708800}.Release|ARM.ActiveCfg = Release|Any CPU
		{4EED1567-8300-4562-AA7D-589AB5708800}.Release|ARM.Build.0 = Release|Any CPU
		{4EED1567-8300-4562-AA7D-589AB5708800}.Release|x64.ActiveCfg = Release|Any CPU
		{4EED1567-8300-4562-AA7D-589AB5708800}.Release|x64.Build.0 = Release|Any CPU
		{4EED1567-8300-4562-AA7D-589AB5708800}.Release|x86.ActiveCfg = Release|Any CPU
		{4EED1567-8300-4562-AA7D-589AB5708800}.Release|x86.Build.0 = Release|Any CPU
		{C1CCF285-3BCA-4841-9CCD-CC8C369614D1}.Debug|Any CPU.ActiveCfg = Debug|Any CPU
		{C1CCF285-3BCA-4841-9CCD-CC8C369614D1}.Debug|Any CPU.Build.0 = Debug|Any CPU
		{C1CCF285-3BCA-4841-9CCD-CC8C369614D1}.Debug|ARM.ActiveCfg = Debug|Any CPU
		{C1CCF285-3BCA-4841-9CCD-CC8C369614D1}.Debug|ARM.Build.0 = Debug|Any CPU
		{C1CCF285-3BCA-4841-9CCD-CC8C369614D1}.Debug|x64.ActiveCfg = Debug|Any CPU
		{C1CCF285-3BCA-4841-9CCD-CC8C369614D1}.Debug|x64.Build.0 = Debug|Any CPU
		{C1CCF285-3BCA-4841-9CCD-CC8C369614D1}.Debug|x86.ActiveCfg = Debug|Any CPU
		{C1CCF285-3BCA-4841-9CCD-CC8C369614D1}.Debug|x86.Build.0 = Debug|Any CPU
		{C1CCF285-3BCA-4841-9CCD-CC8C369614D1}.Release|Any CPU.ActiveCfg = Release|Any CPU
		{C1CCF285-3BCA-4841-9CCD-CC8C369614D1}.Release|Any CPU.Build.0 = Release|Any CPU
		{C1CCF285-3BCA-4841-9CCD-CC8C369614D1}.Release|ARM.ActiveCfg = Release|Any CPU
		{C1CCF285-3BCA-4841-9CCD-CC8C369614D1}.Release|ARM.Build.0 = Release|Any CPU
		{C1CCF285-3BCA-4841-9CCD-CC8C369614D1}.Release|x64.ActiveCfg = Release|Any CPU
		{C1CCF285-3BCA-4841-9CCD-CC8C369614D1}.Release|x64.Build.0 = Release|Any CPU
		{C1CCF285-3BCA-4841-9CCD-CC8C369614D1}.Release|x86.ActiveCfg = Release|Any CPU
		{C1CCF285-3BCA-4841-9CCD-CC8C369614D1}.Release|x86.Build.0 = Release|Any CPU
		{3C82B82B-CF52-4FDD-83A9-B73E07ECE073}.Debug|Any CPU.ActiveCfg = Debug|x64
		{3C82B82B-CF52-4FDD-83A9-B73E07ECE073}.Debug|Any CPU.Build.0 = Debug|x64
		{3C82B82B-CF52-4FDD-83A9-B73E07ECE073}.Debug|Any CPU.Deploy.0 = Debug|x64
		{3C82B82B-CF52-4FDD-83A9-B73E07ECE073}.Debug|ARM.ActiveCfg = Debug|ARM
		{3C82B82B-CF52-4FDD-83A9-B73E07ECE073}.Debug|ARM.Build.0 = Debug|ARM
		{3C82B82B-CF52-4FDD-83A9-B73E07ECE073}.Debug|ARM.Deploy.0 = Debug|ARM
		{3C82B82B-CF52-4FDD-83A9-B73E07ECE073}.Debug|x64.ActiveCfg = Debug|x64
		{3C82B82B-CF52-4FDD-83A9-B73E07ECE073}.Debug|x64.Build.0 = Debug|x64
		{3C82B82B-CF52-4FDD-83A9-B73E07ECE073}.Debug|x64.Deploy.0 = Debug|x64
		{3C82B82B-CF52-4FDD-83A9-B73E07ECE073}.Debug|x86.ActiveCfg = Debug|x86
		{3C82B82B-CF52-4FDD-83A9-B73E07ECE073}.Debug|x86.Build.0 = Debug|x86
		{3C82B82B-CF52-4FDD-83A9-B73E07ECE073}.Debug|x86.Deploy.0 = Debug|x86
		{3C82B82B-CF52-4FDD-83A9-B73E07ECE073}.Release|Any CPU.ActiveCfg = Release|x64
		{3C82B82B-CF52-4FDD-83A9-B73E07ECE073}.Release|Any CPU.Build.0 = Release|x64
		{3C82B82B-CF52-4FDD-83A9-B73E07ECE073}.Release|Any CPU.Deploy.0 = Release|x64
		{3C82B82B-CF52-4FDD-83A9-B73E07ECE073}.Release|ARM.ActiveCfg = Release|ARM
		{3C82B82B-CF52-4FDD-83A9-B73E07ECE073}.Release|ARM.Build.0 = Release|ARM
		{3C82B82B-CF52-4FDD-83A9-B73E07ECE073}.Release|ARM.Deploy.0 = Release|ARM
		{3C82B82B-CF52-4FDD-83A9-B73E07ECE073}.Release|x64.ActiveCfg = Release|x64
		{3C82B82B-CF52-4FDD-83A9-B73E07ECE073}.Release|x64.Build.0 = Release|x64
		{3C82B82B-CF52-4FDD-83A9-B73E07ECE073}.Release|x64.Deploy.0 = Release|x64
		{3C82B82B-CF52-4FDD-83A9-B73E07ECE073}.Release|x86.ActiveCfg = Release|x86
		{3C82B82B-CF52-4FDD-83A9-B73E07ECE073}.Release|x86.Build.0 = Release|x86
		{3C82B82B-CF52-4FDD-83A9-B73E07ECE073}.Release|x86.Deploy.0 = Release|x86
		{CA38BEFC-3E67-42CF-9B82-D73E091EA2A4}.Debug|Any CPU.ActiveCfg = Debug|Any CPU
		{CA38BEFC-3E67-42CF-9B82-D73E091EA2A4}.Debug|Any CPU.Build.0 = Debug|Any CPU
		{CA38BEFC-3E67-42CF-9B82-D73E091EA2A4}.Debug|ARM.ActiveCfg = Debug|Any CPU
		{CA38BEFC-3E67-42CF-9B82-D73E091EA2A4}.Debug|ARM.Build.0 = Debug|Any CPU
		{CA38BEFC-3E67-42CF-9B82-D73E091EA2A4}.Debug|x64.ActiveCfg = Debug|Any CPU
		{CA38BEFC-3E67-42CF-9B82-D73E091EA2A4}.Debug|x64.Build.0 = Debug|Any CPU
		{CA38BEFC-3E67-42CF-9B82-D73E091EA2A4}.Debug|x86.ActiveCfg = Debug|Any CPU
		{CA38BEFC-3E67-42CF-9B82-D73E091EA2A4}.Debug|x86.Build.0 = Debug|Any CPU
		{CA38BEFC-3E67-42CF-9B82-D73E091EA2A4}.Release|Any CPU.ActiveCfg = Release|Any CPU
		{CA38BEFC-3E67-42CF-9B82-D73E091EA2A4}.Release|Any CPU.Build.0 = Release|Any CPU
		{CA38BEFC-3E67-42CF-9B82-D73E091EA2A4}.Release|ARM.ActiveCfg = Release|Any CPU
		{CA38BEFC-3E67-42CF-9B82-D73E091EA2A4}.Release|ARM.Build.0 = Release|Any CPU
		{CA38BEFC-3E67-42CF-9B82-D73E091EA2A4}.Release|x64.ActiveCfg = Release|Any CPU
		{CA38BEFC-3E67-42CF-9B82-D73E091EA2A4}.Release|x64.Build.0 = Release|Any CPU
		{CA38BEFC-3E67-42CF-9B82-D73E091EA2A4}.Release|x86.ActiveCfg = Release|Any CPU
		{CA38BEFC-3E67-42CF-9B82-D73E091EA2A4}.Release|x86.Build.0 = Release|Any CPU
	EndGlobalSection
	GlobalSection(SolutionProperties) = preSolution
		HideSolutionNode = FALSE
	EndGlobalSection
	GlobalSection(ExtensibilityGlobals) = postSolution
		SolutionGuid = {0328000B-3F0F-417E-90AB-5B99076BFE9B}
	EndGlobalSection
EndGlobal
