
Microsoft Visual Studio Solution File, Format Version 12.00
# Visual Studio Version 17
VisualStudioVersion = 17.8.34227.203
MinimumVisualStudioVersion = 10.0.40219.1
Project("{FAE04EC0-301F-11D3-BF4B-00C04F79EFBC}") = "TP Final - Lppa", "TP Final - Lppa\TP Final - Lppa.csproj", "{AA52622E-B8F9-4034-AF8B-D9B24BBC9159}"
EndProject
Project("{FAE04EC0-301F-11D3-BF4B-00C04F79EFBC}") = "BE", "BE\BE.csproj", "{6F062DA1-9C70-4DC8-B23C-FC62F2DD0D56}"
EndProject
Project("{FAE04EC0-301F-11D3-BF4B-00C04F79EFBC}") = "BLL", "BLL\BLL.csproj", "{4EED1567-8300-4562-AA7D-589AB5708800}"
EndProject
Project("{FAE04EC0-301F-11D3-BF4B-00C04F79EFBC}") = "DAL", "DAL\DAL.csproj", "{C1CCF285-3BCA-4841-9CCD-CC8C369614D1}"
EndProject
Project("{FAE04EC0-301F-11D3-BF4B-00C04F79EFBC}") = "Mobile.UWP", "Mobile\Mobile.UWP\Mobile.UWP.csproj", "{042F3FB1-F9E5-4E6A-B191-B42A9AC441FE}"
EndProject
Project("{FAE04EC0-301F-11D3-BF4B-00C04F79EFBC}") = "Mobile.Android", "Mobile\Mobile.Android\Mobile.Android.csproj", "{B0B38166-2329-4791-87AE-D7E640C412B2}"
EndProject
Project("{FAE04EC0-301F-11D3-BF4B-00C04F79EFBC}") = "Mobile.iOS", "Mobile\Mobile.iOS\Mobile.iOS.csproj", "{27AE507D-810D-4079-AE16-C123A7D747C7}"
EndProject
Project("{FAE04EC0-301F-11D3-BF4B-00C04F79EFBC}") = "Mobile", "Mobile\Mobile\Mobile.csproj", "{1C48882C-A0E4-4755-9E90-D74DEFFA2557}"
EndProject
Global
	GlobalSection(SolutionConfigurationPlatforms) = preSolution
		Debug|Any CPU = Debug|Any CPU
		Debug|ARM = Debug|ARM
		Debug|iPhone = Debug|iPhone
		Debug|iPhoneSimulator = Debug|iPhoneSimulator
		Debug|x64 = Debug|x64
		Debug|x86 = Debug|x86
		Release|Any CPU = Release|Any CPU
		Release|ARM = Release|ARM
		Release|iPhone = Release|iPhone
		Release|iPhoneSimulator = Release|iPhoneSimulator
		Release|x64 = Release|x64
		Release|x86 = Release|x86
	EndGlobalSection
	GlobalSection(ProjectConfigurationPlatforms) = postSolution
		{AA52622E-B8F9-4034-AF8B-D9B24BBC9159}.Debug|Any CPU.ActiveCfg = Debug|Any CPU
		{AA52622E-B8F9-4034-AF8B-D9B24BBC9159}.Debug|Any CPU.Build.0 = Debug|Any CPU
		{AA52622E-B8F9-4034-AF8B-D9B24BBC9159}.Debug|ARM.ActiveCfg = Debug|Any CPU
		{AA52622E-B8F9-4034-AF8B-D9B24BBC9159}.Debug|ARM.Build.0 = Debug|Any CPU
		{AA52622E-B8F9-4034-AF8B-D9B24BBC9159}.Debug|iPhone.ActiveCfg = Debug|Any CPU
		{AA52622E-B8F9-4034-AF8B-D9B24BBC9159}.Debug|iPhone.Build.0 = Debug|Any CPU
		{AA52622E-B8F9-4034-AF8B-D9B24BBC9159}.Debug|iPhoneSimulator.ActiveCfg = Debug|Any CPU
		{AA52622E-B8F9-4034-AF8B-D9B24BBC9159}.Debug|iPhoneSimulator.Build.0 = Debug|Any CPU
		{AA52622E-B8F9-4034-AF8B-D9B24BBC9159}.Debug|x64.ActiveCfg = Debug|Any CPU
		{AA52622E-B8F9-4034-AF8B-D9B24BBC9159}.Debug|x64.Build.0 = Debug|Any CPU
		{AA52622E-B8F9-4034-AF8B-D9B24BBC9159}.Debug|x86.ActiveCfg = Debug|Any CPU
		{AA52622E-B8F9-4034-AF8B-D9B24BBC9159}.Debug|x86.Build.0 = Debug|Any CPU
		{AA52622E-B8F9-4034-AF8B-D9B24BBC9159}.Release|Any CPU.ActiveCfg = Release|Any CPU
		{AA52622E-B8F9-4034-AF8B-D9B24BBC9159}.Release|Any CPU.Build.0 = Release|Any CPU
		{AA52622E-B8F9-4034-AF8B-D9B24BBC9159}.Release|ARM.ActiveCfg = Release|Any CPU
		{AA52622E-B8F9-4034-AF8B-D9B24BBC9159}.Release|ARM.Build.0 = Release|Any CPU
		{AA52622E-B8F9-4034-AF8B-D9B24BBC9159}.Release|iPhone.ActiveCfg = Release|Any CPU
		{AA52622E-B8F9-4034-AF8B-D9B24BBC9159}.Release|iPhone.Build.0 = Release|Any CPU
		{AA52622E-B8F9-4034-AF8B-D9B24BBC9159}.Release|iPhoneSimulator.ActiveCfg = Release|Any CPU
		{AA52622E-B8F9-4034-AF8B-D9B24BBC9159}.Release|iPhoneSimulator.Build.0 = Release|Any CPU
		{AA52622E-B8F9-4034-AF8B-D9B24BBC9159}.Release|x64.ActiveCfg = Release|Any CPU
		{AA52622E-B8F9-4034-AF8B-D9B24BBC9159}.Release|x64.Build.0 = Release|Any CPU
		{AA52622E-B8F9-4034-AF8B-D9B24BBC9159}.Release|x86.ActiveCfg = Release|Any CPU
		{AA52622E-B8F9-4034-AF8B-D9B24BBC9159}.Release|x86.Build.0 = Release|Any CPU
		{6F062DA1-9C70-4DC8-B23C-FC62F2DD0D56}.Debug|Any CPU.ActiveCfg = Debug|Any CPU
		{6F062DA1-9C70-4DC8-B23C-FC62F2DD0D56}.Debug|Any CPU.Build.0 = Debug|Any CPU
		{6F062DA1-9C70-4DC8-B23C-FC62F2DD0D56}.Debug|ARM.ActiveCfg = Debug|Any CPU
		{6F062DA1-9C70-4DC8-B23C-FC62F2DD0D56}.Debug|ARM.Build.0 = Debug|Any CPU
		{6F062DA1-9C70-4DC8-B23C-FC62F2DD0D56}.Debug|iPhone.ActiveCfg = Debug|Any CPU
		{6F062DA1-9C70-4DC8-B23C-FC62F2DD0D56}.Debug|iPhone.Build.0 = Debug|Any CPU
		{6F062DA1-9C70-4DC8-B23C-FC62F2DD0D56}.Debug|iPhoneSimulator.ActiveCfg = Debug|Any CPU
		{6F062DA1-9C70-4DC8-B23C-FC62F2DD0D56}.Debug|iPhoneSimulator.Build.0 = Debug|Any CPU
		{6F062DA1-9C70-4DC8-B23C-FC62F2DD0D56}.Debug|x64.ActiveCfg = Debug|Any CPU
		{6F062DA1-9C70-4DC8-B23C-FC62F2DD0D56}.Debug|x64.Build.0 = Debug|Any CPU
		{6F062DA1-9C70-4DC8-B23C-FC62F2DD0D56}.Debug|x86.ActiveCfg = Debug|Any CPU
		{6F062DA1-9C70-4DC8-B23C-FC62F2DD0D56}.Debug|x86.Build.0 = Debug|Any CPU
		{6F062DA1-9C70-4DC8-B23C-FC62F2DD0D56}.Release|Any CPU.ActiveCfg = Release|Any CPU
		{6F062DA1-9C70-4DC8-B23C-FC62F2DD0D56}.Release|Any CPU.Build.0 = Release|Any CPU
		{6F062DA1-9C70-4DC8-B23C-FC62F2DD0D56}.Release|ARM.ActiveCfg = Release|Any CPU
		{6F062DA1-9C70-4DC8-B23C-FC62F2DD0D56}.Release|ARM.Build.0 = Release|Any CPU
		{6F062DA1-9C70-4DC8-B23C-FC62F2DD0D56}.Release|iPhone.ActiveCfg = Release|Any CPU
		{6F062DA1-9C70-4DC8-B23C-FC62F2DD0D56}.Release|iPhone.Build.0 = Release|Any CPU
		{6F062DA1-9C70-4DC8-B23C-FC62F2DD0D56}.Release|iPhoneSimulator.ActiveCfg = Release|Any CPU
		{6F062DA1-9C70-4DC8-B23C-FC62F2DD0D56}.Release|iPhoneSimulator.Build.0 = Release|Any CPU
		{6F062DA1-9C70-4DC8-B23C-FC62F2DD0D56}.Release|x64.ActiveCfg = Release|Any CPU
		{6F062DA1-9C70-4DC8-B23C-FC62F2DD0D56}.Release|x64.Build.0 = Release|Any CPU
		{6F062DA1-9C70-4DC8-B23C-FC62F2DD0D56}.Release|x86.ActiveCfg = Release|Any CPU
		{6F062DA1-9C70-4DC8-B23C-FC62F2DD0D56}.Release|x86.Build.0 = Release|Any CPU
		{4EED1567-8300-4562-AA7D-589AB5708800}.Debug|Any CPU.ActiveCfg = Debug|Any CPU
		{4EED1567-8300-4562-AA7D-589AB5708800}.Debug|Any CPU.Build.0 = Debug|Any CPU
		{4EED1567-8300-4562-AA7D-589AB5708800}.Debug|ARM.ActiveCfg = Debug|Any CPU
		{4EED1567-8300-4562-AA7D-589AB5708800}.Debug|ARM.Build.0 = Debug|Any CPU
		{4EED1567-8300-4562-AA7D-589AB5708800}.Debug|iPhone.ActiveCfg = Debug|Any CPU
		{4EED1567-8300-4562-AA7D-589AB5708800}.Debug|iPhone.Build.0 = Debug|Any CPU
		{4EED1567-8300-4562-AA7D-589AB5708800}.Debug|iPhoneSimulator.ActiveCfg = Debug|Any CPU
		{4EED1567-8300-4562-AA7D-589AB5708800}.Debug|iPhoneSimulator.Build.0 = Debug|Any CPU
		{4EED1567-8300-4562-AA7D-589AB5708800}.Debug|x64.ActiveCfg = Debug|Any CPU
		{4EED1567-8300-4562-AA7D-589AB5708800}.Debug|x64.Build.0 = Debug|Any CPU
		{4EED1567-8300-4562-AA7D-589AB5708800}.Debug|x86.ActiveCfg = Debug|Any CPU
		{4EED1567-8300-4562-AA7D-589AB5708800}.Debug|x86.Build.0 = Debug|Any CPU
		{4EED1567-8300-4562-AA7D-589AB5708800}.Release|Any CPU.ActiveCfg = Release|Any CPU
		{4EED1567-8300-4562-AA7D-589AB5708800}.Release|Any CPU.Build.0 = Release|Any CPU
		{4EED1567-8300-4562-AA7D-589AB5708800}.Release|ARM.ActiveCfg = Release|Any CPU
		{4EED1567-8300-4562-AA7D-589AB5708800}.Release|ARM.Build.0 = Release|Any CPU
		{4EED1567-8300-4562-AA7D-589AB5708800}.Release|iPhone.ActiveCfg = Release|Any CPU
		{4EED1567-8300-4562-AA7D-589AB5708800}.Release|iPhone.Build.0 = Release|Any CPU
		{4EED1567-8300-4562-AA7D-589AB5708800}.Release|iPhoneSimulator.ActiveCfg = Release|Any CPU
		{4EED1567-8300-4562-AA7D-589AB5708800}.Release|iPhoneSimulator.Build.0 = Release|Any CPU
		{4EED1567-8300-4562-AA7D-589AB5708800}.Release|x64.ActiveCfg = Release|Any CPU
		{4EED1567-8300-4562-AA7D-589AB5708800}.Release|x64.Build.0 = Release|Any CPU
		{4EED1567-8300-4562-AA7D-589AB5708800}.Release|x86.ActiveCfg = Release|Any CPU
		{4EED1567-8300-4562-AA7D-589AB5708800}.Release|x86.Build.0 = Release|Any CPU
		{C1CCF285-3BCA-4841-9CCD-CC8C369614D1}.Debug|Any CPU.ActiveCfg = Debug|Any CPU
		{C1CCF285-3BCA-4841-9CCD-CC8C369614D1}.Debug|Any CPU.Build.0 = Debug|Any CPU
		{C1CCF285-3BCA-4841-9CCD-CC8C369614D1}.Debug|ARM.ActiveCfg = Debug|Any CPU
		{C1CCF285-3BCA-4841-9CCD-CC8C369614D1}.Debug|ARM.Build.0 = Debug|Any CPU
		{C1CCF285-3BCA-4841-9CCD-CC8C369614D1}.Debug|iPhone.ActiveCfg = Debug|Any CPU
		{C1CCF285-3BCA-4841-9CCD-CC8C369614D1}.Debug|iPhone.Build.0 = Debug|Any CPU
		{C1CCF285-3BCA-4841-9CCD-CC8C369614D1}.Debug|iPhoneSimulator.ActiveCfg = Debug|Any CPU
		{C1CCF285-3BCA-4841-9CCD-CC8C369614D1}.Debug|iPhoneSimulator.Build.0 = Debug|Any CPU
		{C1CCF285-3BCA-4841-9CCD-CC8C369614D1}.Debug|x64.ActiveCfg = Debug|Any CPU
		{C1CCF285-3BCA-4841-9CCD-CC8C369614D1}.Debug|x64.Build.0 = Debug|Any CPU
		{C1CCF285-3BCA-4841-9CCD-CC8C369614D1}.Debug|x86.ActiveCfg = Debug|Any CPU
		{C1CCF285-3BCA-4841-9CCD-CC8C369614D1}.Debug|x86.Build.0 = Debug|Any CPU
		{C1CCF285-3BCA-4841-9CCD-CC8C369614D1}.Release|Any CPU.ActiveCfg = Release|Any CPU
		{C1CCF285-3BCA-4841-9CCD-CC8C369614D1}.Release|Any CPU.Build.0 = Release|Any CPU
		{C1CCF285-3BCA-4841-9CCD-CC8C369614D1}.Release|ARM.ActiveCfg = Release|Any CPU
		{C1CCF285-3BCA-4841-9CCD-CC8C369614D1}.Release|ARM.Build.0 = Release|Any CPU
		{C1CCF285-3BCA-4841-9CCD-CC8C369614D1}.Release|iPhone.ActiveCfg = Release|Any CPU
		{C1CCF285-3BCA-4841-9CCD-CC8C369614D1}.Release|iPhone.Build.0 = Release|Any CPU
		{C1CCF285-3BCA-4841-9CCD-CC8C369614D1}.Release|iPhoneSimulator.ActiveCfg = Release|Any CPU
		{C1CCF285-3BCA-4841-9CCD-CC8C369614D1}.Release|iPhoneSimulator.Build.0 = Release|Any CPU
		{C1CCF285-3BCA-4841-9CCD-CC8C369614D1}.Release|x64.ActiveCfg = Release|Any CPU
		{C1CCF285-3BCA-4841-9CCD-CC8C369614D1}.Release|x64.Build.0 = Release|Any CPU
		{C1CCF285-3BCA-4841-9CCD-CC8C369614D1}.Release|x86.ActiveCfg = Release|Any CPU
		{C1CCF285-3BCA-4841-9CCD-CC8C369614D1}.Release|x86.Build.0 = Release|Any CPU
		{042F3FB1-F9E5-4E6A-B191-B42A9AC441FE}.Debug|Any CPU.ActiveCfg = Debug|x64
		{042F3FB1-F9E5-4E6A-B191-B42A9AC441FE}.Debug|Any CPU.Build.0 = Debug|x64
		{042F3FB1-F9E5-4E6A-B191-B42A9AC441FE}.Debug|Any CPU.Deploy.0 = Debug|x64
		{042F3FB1-F9E5-4E6A-B191-B42A9AC441FE}.Debug|ARM.ActiveCfg = Debug|ARM
		{042F3FB1-F9E5-4E6A-B191-B42A9AC441FE}.Debug|ARM.Build.0 = Debug|ARM
		{042F3FB1-F9E5-4E6A-B191-B42A9AC441FE}.Debug|ARM.Deploy.0 = Debug|ARM
		{042F3FB1-F9E5-4E6A-B191-B42A9AC441FE}.Debug|iPhone.ActiveCfg = Debug|x64
		{042F3FB1-F9E5-4E6A-B191-B42A9AC441FE}.Debug|iPhone.Build.0 = Debug|x64
		{042F3FB1-F9E5-4E6A-B191-B42A9AC441FE}.Debug|iPhone.Deploy.0 = Debug|x64
		{042F3FB1-F9E5-4E6A-B191-B42A9AC441FE}.Debug|iPhoneSimulator.ActiveCfg = Debug|x64
		{042F3FB1-F9E5-4E6A-B191-B42A9AC441FE}.Debug|iPhoneSimulator.Build.0 = Debug|x64
		{042F3FB1-F9E5-4E6A-B191-B42A9AC441FE}.Debug|iPhoneSimulator.Deploy.0 = Debug|x64
		{042F3FB1-F9E5-4E6A-B191-B42A9AC441FE}.Debug|x64.ActiveCfg = Debug|x64
		{042F3FB1-F9E5-4E6A-B191-B42A9AC441FE}.Debug|x64.Build.0 = Debug|x64
		{042F3FB1-F9E5-4E6A-B191-B42A9AC441FE}.Debug|x64.Deploy.0 = Debug|x64
		{042F3FB1-F9E5-4E6A-B191-B42A9AC441FE}.Debug|x86.ActiveCfg = Debug|x86
		{042F3FB1-F9E5-4E6A-B191-B42A9AC441FE}.Debug|x86.Build.0 = Debug|x86
		{042F3FB1-F9E5-4E6A-B191-B42A9AC441FE}.Debug|x86.Deploy.0 = Debug|x86
		{042F3FB1-F9E5-4E6A-B191-B42A9AC441FE}.Release|Any CPU.ActiveCfg = Release|x64
		{042F3FB1-F9E5-4E6A-B191-B42A9AC441FE}.Release|Any CPU.Build.0 = Release|x64
		{042F3FB1-F9E5-4E6A-B191-B42A9AC441FE}.Release|Any CPU.Deploy.0 = Release|x64
		{042F3FB1-F9E5-4E6A-B191-B42A9AC441FE}.Release|ARM.ActiveCfg = Release|ARM
		{042F3FB1-F9E5-4E6A-B191-B42A9AC441FE}.Release|ARM.Build.0 = Release|ARM
		{042F3FB1-F9E5-4E6A-B191-B42A9AC441FE}.Release|ARM.Deploy.0 = Release|ARM
		{042F3FB1-F9E5-4E6A-B191-B42A9AC441FE}.Release|iPhone.ActiveCfg = Release|x64
		{042F3FB1-F9E5-4E6A-B191-B42A9AC441FE}.Release|iPhone.Build.0 = Release|x64
		{042F3FB1-F9E5-4E6A-B191-B42A9AC441FE}.Release|iPhone.Deploy.0 = Release|x64
		{042F3FB1-F9E5-4E6A-B191-B42A9AC441FE}.Release|iPhoneSimulator.ActiveCfg = Release|x64
		{042F3FB1-F9E5-4E6A-B191-B42A9AC441FE}.Release|iPhoneSimulator.Build.0 = Release|x64
		{042F3FB1-F9E5-4E6A-B191-B42A9AC441FE}.Release|iPhoneSimulator.Deploy.0 = Release|x64
		{042F3FB1-F9E5-4E6A-B191-B42A9AC441FE}.Release|x64.ActiveCfg = Release|x64
		{042F3FB1-F9E5-4E6A-B191-B42A9AC441FE}.Release|x64.Build.0 = Release|x64
		{042F3FB1-F9E5-4E6A-B191-B42A9AC441FE}.Release|x64.Deploy.0 = Release|x64
		{042F3FB1-F9E5-4E6A-B191-B42A9AC441FE}.Release|x86.ActiveCfg = Release|x86
		{042F3FB1-F9E5-4E6A-B191-B42A9AC441FE}.Release|x86.Build.0 = Release|x86
		{042F3FB1-F9E5-4E6A-B191-B42A9AC441FE}.Release|x86.Deploy.0 = Release|x86
		{B0B38166-2329-4791-87AE-D7E640C412B2}.Debug|Any CPU.ActiveCfg = Debug|Any CPU
		{B0B38166-2329-4791-87AE-D7E640C412B2}.Debug|Any CPU.Build.0 = Debug|Any CPU
		{B0B38166-2329-4791-87AE-D7E640C412B2}.Debug|Any CPU.Deploy.0 = Debug|Any CPU
		{B0B38166-2329-4791-87AE-D7E640C412B2}.Debug|ARM.ActiveCfg = Debug|Any CPU
		{B0B38166-2329-4791-87AE-D7E640C412B2}.Debug|ARM.Build.0 = Debug|Any CPU
		{B0B38166-2329-4791-87AE-D7E640C412B2}.Debug|ARM.Deploy.0 = Debug|Any CPU
		{B0B38166-2329-4791-87AE-D7E640C412B2}.Debug|iPhone.ActiveCfg = Debug|Any CPU
		{B0B38166-2329-4791-87AE-D7E640C412B2}.Debug|iPhone.Build.0 = Debug|Any CPU
		{B0B38166-2329-4791-87AE-D7E640C412B2}.Debug|iPhone.Deploy.0 = Debug|Any CPU
		{B0B38166-2329-4791-87AE-D7E640C412B2}.Debug|iPhoneSimulator.ActiveCfg = Debug|Any CPU
		{B0B38166-2329-4791-87AE-D7E640C412B2}.Debug|iPhoneSimulator.Build.0 = Debug|Any CPU
		{B0B38166-2329-4791-87AE-D7E640C412B2}.Debug|iPhoneSimulator.Deploy.0 = Debug|Any CPU
		{B0B38166-2329-4791-87AE-D7E640C412B2}.Debug|x64.ActiveCfg = Debug|Any CPU
		{B0B38166-2329-4791-87AE-D7E640C412B2}.Debug|x64.Build.0 = Debug|Any CPU
		{B0B38166-2329-4791-87AE-D7E640C412B2}.Debug|x64.Deploy.0 = Debug|Any CPU
		{B0B38166-2329-4791-87AE-D7E640C412B2}.Debug|x86.ActiveCfg = Debug|Any CPU
		{B0B38166-2329-4791-87AE-D7E640C412B2}.Debug|x86.Build.0 = Debug|Any CPU
		{B0B38166-2329-4791-87AE-D7E640C412B2}.Debug|x86.Deploy.0 = Debug|Any CPU
		{B0B38166-2329-4791-87AE-D7E640C412B2}.Release|Any CPU.ActiveCfg = Release|Any CPU
		{B0B38166-2329-4791-87AE-D7E640C412B2}.Release|Any CPU.Build.0 = Release|Any CPU
		{B0B38166-2329-4791-87AE-D7E640C412B2}.Release|Any CPU.Deploy.0 = Release|Any CPU
		{B0B38166-2329-4791-87AE-D7E640C412B2}.Release|ARM.ActiveCfg = Release|Any CPU
		{B0B38166-2329-4791-87AE-D7E640C412B2}.Release|ARM.Build.0 = Release|Any CPU
		{B0B38166-2329-4791-87AE-D7E640C412B2}.Release|ARM.Deploy.0 = Release|Any CPU
		{B0B38166-2329-4791-87AE-D7E640C412B2}.Release|iPhone.ActiveCfg = Release|Any CPU
		{B0B38166-2329-4791-87AE-D7E640C412B2}.Release|iPhone.Build.0 = Release|Any CPU
		{B0B38166-2329-4791-87AE-D7E640C412B2}.Release|iPhone.Deploy.0 = Release|Any CPU
		{B0B38166-2329-4791-87AE-D7E640C412B2}.Release|iPhoneSimulator.ActiveCfg = Release|Any CPU
		{B0B38166-2329-4791-87AE-D7E640C412B2}.Release|iPhoneSimulator.Build.0 = Release|Any CPU
		{B0B38166-2329-4791-87AE-D7E640C412B2}.Release|iPhoneSimulator.Deploy.0 = Release|Any CPU
		{B0B38166-2329-4791-87AE-D7E640C412B2}.Release|x64.ActiveCfg = Release|Any CPU
		{B0B38166-2329-4791-87AE-D7E640C412B2}.Release|x64.Build.0 = Release|Any CPU
		{B0B38166-2329-4791-87AE-D7E640C412B2}.Release|x64.Deploy.0 = Release|Any CPU
		{B0B38166-2329-4791-87AE-D7E640C412B2}.Release|x86.ActiveCfg = Release|Any CPU
		{B0B38166-2329-4791-87AE-D7E640C412B2}.Release|x86.Build.0 = Release|Any CPU
		{B0B38166-2329-4791-87AE-D7E640C412B2}.Release|x86.Deploy.0 = Release|Any CPU
		{27AE507D-810D-4079-AE16-C123A7D747C7}.Debug|Any CPU.ActiveCfg = Debug|iPhoneSimulator
		{27AE507D-810D-4079-AE16-C123A7D747C7}.Debug|Any CPU.Build.0 = Debug|iPhoneSimulator
		{27AE507D-810D-4079-AE16-C123A7D747C7}.Debug|ARM.ActiveCfg = Debug|iPhoneSimulator
		{27AE507D-810D-4079-AE16-C123A7D747C7}.Debug|ARM.Build.0 = Debug|iPhoneSimulator
		{27AE507D-810D-4079-AE16-C123A7D747C7}.Debug|iPhone.ActiveCfg = Debug|iPhone
		{27AE507D-810D-4079-AE16-C123A7D747C7}.Debug|iPhone.Build.0 = Debug|iPhone
		{27AE507D-810D-4079-AE16-C123A7D747C7}.Debug|iPhoneSimulator.ActiveCfg = Debug|iPhoneSimulator
		{27AE507D-810D-4079-AE16-C123A7D747C7}.Debug|iPhoneSimulator.Build.0 = Debug|iPhoneSimulator
		{27AE507D-810D-4079-AE16-C123A7D747C7}.Debug|x64.ActiveCfg = Debug|iPhoneSimulator
		{27AE507D-810D-4079-AE16-C123A7D747C7}.Debug|x64.Build.0 = Debug|iPhoneSimulator
		{27AE507D-810D-4079-AE16-C123A7D747C7}.Debug|x86.ActiveCfg = Debug|iPhoneSimulator
		{27AE507D-810D-4079-AE16-C123A7D747C7}.Debug|x86.Build.0 = Debug|iPhoneSimulator
		{27AE507D-810D-4079-AE16-C123A7D747C7}.Release|Any CPU.ActiveCfg = Release|iPhoneSimulator
		{27AE507D-810D-4079-AE16-C123A7D747C7}.Release|Any CPU.Build.0 = Release|iPhoneSimulator
		{27AE507D-810D-4079-AE16-C123A7D747C7}.Release|ARM.ActiveCfg = Release|iPhoneSimulator
		{27AE507D-810D-4079-AE16-C123A7D747C7}.Release|ARM.Build.0 = Release|iPhoneSimulator
		{27AE507D-810D-4079-AE16-C123A7D747C7}.Release|iPhone.ActiveCfg = Release|iPhone
		{27AE507D-810D-4079-AE16-C123A7D747C7}.Release|iPhone.Build.0 = Release|iPhone
		{27AE507D-810D-4079-AE16-C123A7D747C7}.Release|iPhoneSimulator.ActiveCfg = Release|iPhoneSimulator
		{27AE507D-810D-4079-AE16-C123A7D747C7}.Release|iPhoneSimulator.Build.0 = Release|iPhoneSimulator
		{27AE507D-810D-4079-AE16-C123A7D747C7}.Release|x64.ActiveCfg = Release|iPhoneSimulator
		{27AE507D-810D-4079-AE16-C123A7D747C7}.Release|x64.Build.0 = Release|iPhoneSimulator
		{27AE507D-810D-4079-AE16-C123A7D747C7}.Release|x86.ActiveCfg = Release|iPhoneSimulator
		{27AE507D-810D-4079-AE16-C123A7D747C7}.Release|x86.Build.0 = Release|iPhoneSimulator
		{1C48882C-A0E4-4755-9E90-D74DEFFA2557}.Debug|Any CPU.ActiveCfg = Debug|Any CPU
		{1C48882C-A0E4-4755-9E90-D74DEFFA2557}.Debug|Any CPU.Build.0 = Debug|Any CPU
		{1C48882C-A0E4-4755-9E90-D74DEFFA2557}.Debug|ARM.ActiveCfg = Debug|Any CPU
		{1C48882C-A0E4-4755-9E90-D74DEFFA2557}.Debug|ARM.Build.0 = Debug|Any CPU
		{1C48882C-A0E4-4755-9E90-D74DEFFA2557}.Debug|iPhone.ActiveCfg = Debug|Any CPU
		{1C48882C-A0E4-4755-9E90-D74DEFFA2557}.Debug|iPhone.Build.0 = Debug|Any CPU
		{1C48882C-A0E4-4755-9E90-D74DEFFA2557}.Debug|iPhoneSimulator.ActiveCfg = Debug|Any CPU
		{1C48882C-A0E4-4755-9E90-D74DEFFA2557}.Debug|iPhoneSimulator.Build.0 = Debug|Any CPU
		{1C48882C-A0E4-4755-9E90-D74DEFFA2557}.Debug|x64.ActiveCfg = Debug|Any CPU
		{1C48882C-A0E4-4755-9E90-D74DEFFA2557}.Debug|x64.Build.0 = Debug|Any CPU
		{1C48882C-A0E4-4755-9E90-D74DEFFA2557}.Debug|x86.ActiveCfg = Debug|Any CPU
		{1C48882C-A0E4-4755-9E90-D74DEFFA2557}.Debug|x86.Build.0 = Debug|Any CPU
		{1C48882C-A0E4-4755-9E90-D74DEFFA2557}.Release|Any CPU.ActiveCfg = Release|Any CPU
		{1C48882C-A0E4-4755-9E90-D74DEFFA2557}.Release|Any CPU.Build.0 = Release|Any CPU
		{1C48882C-A0E4-4755-9E90-D74DEFFA2557}.Release|ARM.ActiveCfg = Release|Any CPU
		{1C48882C-A0E4-4755-9E90-D74DEFFA2557}.Release|ARM.Build.0 = Release|Any CPU
		{1C48882C-A0E4-4755-9E90-D74DEFFA2557}.Release|iPhone.ActiveCfg = Release|Any CPU
		{1C48882C-A0E4-4755-9E90-D74DEFFA2557}.Release|iPhone.Build.0 = Release|Any CPU
		{1C48882C-A0E4-4755-9E90-D74DEFFA2557}.Release|iPhoneSimulator.ActiveCfg = Release|Any CPU
		{1C48882C-A0E4-4755-9E90-D74DEFFA2557}.Release|iPhoneSimulator.Build.0 = Release|Any CPU
		{1C48882C-A0E4-4755-9E90-D74DEFFA2557}.Release|x64.ActiveCfg = Release|Any CPU
		{1C48882C-A0E4-4755-9E90-D74DEFFA2557}.Release|x64.Build.0 = Release|Any CPU
		{1C48882C-A0E4-4755-9E90-D74DEFFA2557}.Release|x86.ActiveCfg = Release|Any CPU
		{1C48882C-A0E4-4755-9E90-D74DEFFA2557}.Release|x86.Build.0 = Release|Any CPU
	EndGlobalSection
	GlobalSection(SolutionProperties) = preSolution
		HideSolutionNode = FALSE
	EndGlobalSection
	GlobalSection(ExtensibilityGlobals) = postSolution
		SolutionGuid = {0328000B-3F0F-417E-90AB-5B99076BFE9B}
	EndGlobalSection
EndGlobal
